
Microsoft Visual Studio Solution File, Format Version 11.00
# Visual Studio 2010
Project("{FAE04EC0-301F-11D3-BF4B-00C04F79EFBC}") = "FragmentNavEx", "FragmentHierarchicalNavigation\FragmentNavEx.csproj", "{E8FB31DB-1AED-4C34-AD1B-85A140D194A2}"
EndProject
Project("{FAE04EC0-301F-11D3-BF4B-00C04F79EFBC}") = "ActionBarSherlock", "ActionBarSherlock\ActionBarSherlock.csproj", "{2D5471B2-8255-4E47-97E9-EEB28678CC82}"
EndProject
Global
	GlobalSection(SolutionConfigurationPlatforms) = preSolution
		Debug|Any CPU = Debug|Any CPU
		Release|Any CPU = Release|Any CPU
	EndGlobalSection
	GlobalSection(ProjectConfigurationPlatforms) = postSolution
		{E8FB31DB-1AED-4C34-AD1B-85A140D194A2}.Debug|Any CPU.ActiveCfg = Debug|Any CPU
		{E8FB31DB-1AED-4C34-AD1B-85A140D194A2}.Debug|Any CPU.Build.0 = Debug|Any CPU
		{E8FB31DB-1AED-4C34-AD1B-85A140D194A2}.Debug|Any CPU.Deploy.0 = Debug|Any CPU
		{E8FB31DB-1AED-4C34-AD1B-85A140D194A2}.Release|Any CPU.ActiveCfg = Release|Any CPU
		{E8FB31DB-1AED-4C34-AD1B-85A140D194A2}.Release|Any CPU.Build.0 = Release|Any CPU
		{E8FB31DB-1AED-4C34-AD1B-85A140D194A2}.Release|Any CPU.Deploy.0 = Release|Any CPU
		{2D5471B2-8255-4E47-97E9-EEB28678CC82}.Debug|Any CPU.ActiveCfg = Debug|Any CPU
		{2D5471B2-8255-4E47-97E9-EEB28678CC82}.Debug|Any CPU.Build.0 = Debug|Any CPU
		{2D5471B2-8255-4E47-97E9-EEB28678CC82}.Release|Any CPU.ActiveCfg = Release|Any CPU
		{2D5471B2-8255-4E47-97E9-EEB28678CC82}.Release|Any CPU.Build.0 = Release|Any CPU
	EndGlobalSection
	GlobalSection(SolutionProperties) = preSolution
		HideSolutionNode = FALSE
	EndGlobalSection
EndGlobal
